
Microsoft Visual Studio Solution File, Format Version 12.00
# Visual Studio Version 16
VisualStudioVersion = 16.0.34301.259
MinimumVisualStudioVersion = 10.0.40219.1
Project("{FAE04EC0-301F-11D3-BF4B-00C04F79EFBC}") = "VSRemoteController", "VSRemoteController\VSRemoteController.csproj", "{5CF7B582-2ED6-4120-A964-23BEE2013C74}"
EndProject
Global
	GlobalSection(SolutionConfigurationPlatforms) = preSolution
		Debug|Any CPU = Debug|Any CPU
		Release|Any CPU = Release|Any CPU
	EndGlobalSection
	GlobalSection(ProjectConfigurationPlatforms) = postSolution
		{5CF7B582-2ED6-4120-A964-23BEE2013C74}.Debug|Any CPU.ActiveCfg = Debug|Any CPU
		{5CF7B582-2ED6-4120-A964-23BEE2013C74}.Debug|Any CPU.Build.0 = Debug|Any CPU
		{5CF7B582-2ED6-4120-A964-23BEE2013C74}.Release|Any CPU.ActiveCfg = Release|Any CPU
		{5CF7B582-2ED6-4120-A964-23BEE2013C74}.Release|Any CPU.Build.0 = Release|Any CPU
	EndGlobalSection
	GlobalSection(SolutionProperties) = preSolution
		HideSolutionNode = FALSE
	EndGlobalSection
	GlobalSection(ExtensibilityGlobals) = postSolution
		SolutionGuid = {EDADEB5D-B203-4545-8689-55E31C749B22}
	EndGlobalSection
EndGlobal
